// !$*UTF8*$!
{
	archiveVersion = 1;
	classes = {
	};
	objectVersion = 48;
	objects = {

/* Begin PBXBuildFile section */
		AAD4CD1BAA7058314FB96783 /* Pods_QscPassport.framework in Frameworks */ = {isa = PBXBuildFile; fileRef = 8AB5ABD303BF31431B36E5B4 /* Pods_QscPassport.framework */; };
		DED15FCD1FAC702900C277B8 /* AppDelegate.m in Sources */ = {isa = PBXBuildFile; fileRef = DED15FCC1FAC702900C277B8 /* AppDelegate.m */; };
		DED15FD01FAC702900C277B8 /* ViewController.m in Sources */ = {isa = PBXBuildFile; fileRef = DED15FCF1FAC702900C277B8 /* ViewController.m */; };
		DED15FD31FAC702900C277B8 /* Main.storyboard in Resources */ = {isa = PBXBuildFile; fileRef = DED15FD11FAC702900C277B8 /* Main.storyboard */; };
		DED15FD51FAC702900C277B8 /* Assets.xcassets in Resources */ = {isa = PBXBuildFile; fileRef = DED15FD41FAC702900C277B8 /* Assets.xcassets */; };
		DED15FD81FAC702900C277B8 /* LaunchScreen.storyboard in Resources */ = {isa = PBXBuildFile; fileRef = DED15FD61FAC702900C277B8 /* LaunchScreen.storyboard */; };
		DED15FDB1FAC702900C277B8 /* main.m in Sources */ = {isa = PBXBuildFile; fileRef = DED15FDA1FAC702900C277B8 /* main.m */; };
		DED15FE81FAC70E500C277B8 /* PassPortSDK.framework in Frameworks */ = {isa = PBXBuildFile; fileRef = DED15FE61FAC70E500C277B8 /* PassPortSDK.framework */; };
		DED15FEB1FAC73C500C277B8 /* resources.bundle in Resources */ = {isa = PBXBuildFile; fileRef = DED15FEA1FAC73C500C277B8 /* resources.bundle */; };
/* End PBXBuildFile section */

/* Begin PBXFileReference section */
		89F10372F0C553B0ADFEA79C /* Pods-QscPassport.debug.xcconfig */ = {isa = PBXFileReference; includeInIndex = 1; lastKnownFileType = text.xcconfig; name = "Pods-QscPassport.debug.xcconfig"; path = "Pods/Target Support Files/Pods-QscPassport/Pods-QscPassport.debug.xcconfig"; sourceTree = "<group>"; };
		8AB5ABD303BF31431B36E5B4 /* Pods_QscPassport.framework */ = {isa = PBXFileReference; explicitFileType = wrapper.framework; includeInIndex = 0; path = Pods_QscPassport.framework; sourceTree = BUILT_PRODUCTS_DIR; };
		DED15FC81FAC702900C277B8 /* QscPassport.app */ = {isa = PBXFileReference; explicitFileType = wrapper.application; includeInIndex = 0; path = QscPassport.app; sourceTree = BUILT_PRODUCTS_DIR; };
		DED15FCB1FAC702900C277B8 /* AppDelegate.h */ = {isa = PBXFileReference; lastKnownFileType = sourcecode.c.h; path = AppDelegate.h; sourceTree = "<group>"; };
		DED15FCC1FAC702900C277B8 /* AppDelegate.m */ = {isa = PBXFileReference; lastKnownFileType = sourcecode.c.objc; path = AppDelegate.m; sourceTree = "<group>"; };
		DED15FCE1FAC702900C277B8 /* ViewController.h */ = {isa = PBXFileReference; lastKnownFileType = sourcecode.c.h; path = ViewController.h; sourceTree = "<group>"; };
		DED15FCF1FAC702900C277B8 /* ViewController.m */ = {isa = PBXFileReference; lastKnownFileType = sourcecode.c.objc; path = ViewController.m; sourceTree = "<group>"; };
		DED15FD21FAC702900C277B8 /* Base */ = {isa = PBXFileReference; lastKnownFileType = file.storyboard; name = Base; path = Base.lproj/Main.storyboard; sourceTree = "<group>"; };
		DED15FD41FAC702900C277B8 /* Assets.xcassets */ = {isa = PBXFileReference; lastKnownFileType = folder.assetcatalog; path = Assets.xcassets; sourceTree = "<group>"; };
		DED15FD71FAC702900C277B8 /* Base */ = {isa = PBXFileReference; lastKnownFileType = file.storyboard; name = Base; path = Base.lproj/LaunchScreen.storyboard; sourceTree = "<group>"; };
		DED15FD91FAC702900C277B8 /* Info.plist */ = {isa = PBXFileReference; lastKnownFileType = text.plist.xml; path = Info.plist; sourceTree = "<group>"; };
		DED15FDA1FAC702900C277B8 /* main.m */ = {isa = PBXFileReference; lastKnownFileType = sourcecode.c.objc; path = main.m; sourceTree = "<group>"; };
		DED15FE61FAC70E500C277B8 /* PassPortSDK.framework */ = {isa = PBXFileReference; lastKnownFileType = wrapper.framework; path = PassPortSDK.framework; sourceTree = "<group>"; };
		DED15FEA1FAC73C500C277B8 /* resources.bundle */ = {isa = PBXFileReference; lastKnownFileType = "wrapper.plug-in"; path = resources.bundle; sourceTree = "<group>"; };
		F3479F60A56B8F527759D3A4 /* Pods-QscPassport.release.xcconfig */ = {isa = PBXFileReference; includeInIndex = 1; lastKnownFileType = text.xcconfig; name = "Pods-QscPassport.release.xcconfig"; path = "Pods/Target Support Files/Pods-QscPassport/Pods-QscPassport.release.xcconfig"; sourceTree = "<group>"; };
/* End PBXFileReference section */

/* Begin PBXFrameworksBuildPhase section */
		DED15FC51FAC702900C277B8 /* Frameworks */ = {
			isa = PBXFrameworksBuildPhase;
			buildActionMask = 2147483647;
			files = (
				DED15FE81FAC70E500C277B8 /* PassPortSDK.framework in Frameworks */,
				AAD4CD1BAA7058314FB96783 /* Pods_QscPassport.framework in Frameworks */,
			);
			runOnlyForDeploymentPostprocessing = 0;
		};
/* End PBXFrameworksBuildPhase section */

/* Begin PBXGroup section */
		AD4F28C6293DD84C5AB90688 /* Frameworks */ = {
			isa = PBXGroup;
			children = (
				8AB5ABD303BF31431B36E5B4 /* Pods_QscPassport.framework */,
			);
			name = Frameworks;
			sourceTree = "<group>";
		};
		B4D9900E298D802A0538F06F /* Pods */ = {
			isa = PBXGroup;
			children = (
				89F10372F0C553B0ADFEA79C /* Pods-QscPassport.debug.xcconfig */,
				F3479F60A56B8F527759D3A4 /* Pods-QscPassport.release.xcconfig */,
			);
			name = Pods;
			sourceTree = "<group>";
		};
		DED15FBF1FAC702900C277B8 = {
			isa = PBXGroup;
			children = (
				DED15FCA1FAC702900C277B8 /* QscPassport */,
				DED15FC91FAC702900C277B8 /* Products */,
				B4D9900E298D802A0538F06F /* Pods */,
				AD4F28C6293DD84C5AB90688 /* Frameworks */,
			);
			sourceTree = "<group>";
		};
		DED15FC91FAC702900C277B8 /* Products */ = {
			isa = PBXGroup;
			children = (
				DED15FC81FAC702900C277B8 /* QscPassport.app */,
			);
			name = Products;
			sourceTree = "<group>";
		};
		DED15FCA1FAC702900C277B8 /* QscPassport */ = {
			isa = PBXGroup;
			children = (
				DED15FE51FAC70E500C277B8 /* Passport */,
				DED15FCB1FAC702900C277B8 /* AppDelegate.h */,
				DED15FCC1FAC702900C277B8 /* AppDelegate.m */,
				DED15FCE1FAC702900C277B8 /* ViewController.h */,
				DED15FCF1FAC702900C277B8 /* ViewController.m */,
				DED15FD11FAC702900C277B8 /* Main.storyboard */,
				DED15FD41FAC702900C277B8 /* Assets.xcassets */,
				DED15FD61FAC702900C277B8 /* LaunchScreen.storyboard */,
				DED15FD91FAC702900C277B8 /* Info.plist */,
				DED15FDA1FAC702900C277B8 /* main.m */,
			);
			path = QscPassport;
			sourceTree = "<group>";
		};
		DED15FE51FAC70E500C277B8 /* Passport */ = {
			isa = PBXGroup;
			children = (
				DED15FEA1FAC73C500C277B8 /* resources.bundle */,
				DED15FE61FAC70E500C277B8 /* PassPortSDK.framework */,
			);
			path = Passport;
			sourceTree = SOURCE_ROOT;
		};
/* End PBXGroup section */

/* Begin PBXNativeTarget section */
		DED15FC71FAC702900C277B8 /* QscPassport */ = {
			isa = PBXNativeTarget;
			buildConfigurationList = DED15FDE1FAC702900C277B8 /* Build configuration list for PBXNativeTarget "QscPassport" */;
			buildPhases = (
				B74A2DC6EE1460640EAE0FC7 /* [CP] Check Pods Manifest.lock */,
				DED15FC41FAC702900C277B8 /* Sources */,
				DED15FC51FAC702900C277B8 /* Frameworks */,
				DED15FC61FAC702900C277B8 /* Resources */,
				352A2F6E3F31FC1747C707CB /* [CP] Embed Pods Frameworks */,
				15175F7F6AFB87A7EA5498E6 /* [CP] Copy Pods Resources */,
			);
			buildRules = (
			);
			dependencies = (
			);
			name = QscPassport;
			productName = QscPassport;
			productReference = DED15FC81FAC702900C277B8 /* QscPassport.app */;
			productType = "com.apple.product-type.application";
		};
/* End PBXNativeTarget section */

/* Begin PBXProject section */
		DED15FC01FAC702900C277B8 /* Project object */ = {
			isa = PBXProject;
			attributes = {
				LastUpgradeCheck = 0900;
				ORGANIZATIONNAME = qschou;
				TargetAttributes = {
					DED15FC71FAC702900C277B8 = {
						CreatedOnToolsVersion = 9.0.1;
						ProvisioningStyle = Manual;
					};
				};
			};
			buildConfigurationList = DED15FC31FAC702900C277B8 /* Build configuration list for PBXProject "QscPassport" */;
			compatibilityVersion = "Xcode 8.0";
			developmentRegion = en;
			hasScannedForEncodings = 0;
			knownRegions = (
				en,
				Base,
			);
			mainGroup = DED15FBF1FAC702900C277B8;
			productRefGroup = DED15FC91FAC702900C277B8 /* Products */;
			projectDirPath = "";
			projectRoot = "";
			targets = (
				DED15FC71FAC702900C277B8 /* QscPassport */,
			);
		};
/* End PBXProject section */

/* Begin PBXResourcesBuildPhase section */
		DED15FC61FAC702900C277B8 /* Resources */ = {
			isa = PBXResourcesBuildPhase;
			buildActionMask = 2147483647;
			files = (
				DED15FD81FAC702900C277B8 /* LaunchScreen.storyboard in Resources */,
				DED15FEB1FAC73C500C277B8 /* resources.bundle in Resources */,
				DED15FD51FAC702900C277B8 /* Assets.xcassets in Resources */,
				DED15FD31FAC702900C277B8 /* Main.storyboard in Resources */,
			);
			runOnlyForDeploymentPostprocessing = 0;
		};
/* End PBXResourcesBuildPhase section */

/* Begin PBXShellScriptBuildPhase section */
		15175F7F6AFB87A7EA5498E6 /* [CP] Copy Pods Resources */ = {
			isa = PBXShellScriptBuildPhase;
			buildActionMask = 2147483647;
			files = (
			);
			inputPaths = (
			);
			name = "[CP] Copy Pods Resources";
			outputPaths = (
			);
			runOnlyForDeploymentPostprocessing = 0;
			shellPath = /bin/sh;
			shellScript = "\"${SRCROOT}/Pods/Target Support Files/Pods-QscPassport/Pods-QscPassport-resources.sh\"\n";
			showEnvVarsInLog = 0;
		};
		352A2F6E3F31FC1747C707CB /* [CP] Embed Pods Frameworks */ = {
			isa = PBXShellScriptBuildPhase;
			buildActionMask = 2147483647;
			files = (
			);
			inputPaths = (
			);
			name = "[CP] Embed Pods Frameworks";
			outputPaths = (
			);
			runOnlyForDeploymentPostprocessing = 0;
			shellPath = /bin/sh;
			shellScript = "\"${SRCROOT}/Pods/Target Support Files/Pods-QscPassport/Pods-QscPassport-frameworks.sh\"\n";
			showEnvVarsInLog = 0;
		};
		B74A2DC6EE1460640EAE0FC7 /* [CP] Check Pods Manifest.lock */ = {
			isa = PBXShellScriptBuildPhase;
			buildActionMask = 2147483647;
			files = (
			);
			inputPaths = (
			);
			name = "[CP] Check Pods Manifest.lock";
			outputPaths = (
			);
			runOnlyForDeploymentPostprocessing = 0;
			shellPath = /bin/sh;
			shellScript = "diff \"${PODS_ROOT}/../Podfile.lock\" \"${PODS_ROOT}/Manifest.lock\" > /dev/null\nif [ $? != 0 ] ; then\n    # print error to STDERR\n    echo \"error: The sandbox is not in sync with the Podfile.lock. Run 'pod install' or update your CocoaPods installation.\" >&2\n    exit 1\nfi\n";
			showEnvVarsInLog = 0;
		};
/* End PBXShellScriptBuildPhase section */

/* Begin PBXSourcesBuildPhase section */
		DED15FC41FAC702900C277B8 /* Sources */ = {
			isa = PBXSourcesBuildPhase;
			buildActionMask = 2147483647;
			files = (
				DED15FD01FAC702900C277B8 /* ViewController.m in Sources */,
				DED15FDB1FAC702900C277B8 /* main.m in Sources */,
				DED15FCD1FAC702900C277B8 /* AppDelegate.m in Sources */,
			);
			runOnlyForDeploymentPostprocessing = 0;
		};
/* End PBXSourcesBuildPhase section */

/* Begin PBXVariantGroup section */
		DED15FD11FAC702900C277B8 /* Main.storyboard */ = {
			isa = PBXVariantGroup;
			children = (
				DED15FD21FAC702900C277B8 /* Base */,
			);
			name = Main.storyboard;
			sourceTree = "<group>";
		};
		DED15FD61FAC702900C277B8 /* LaunchScreen.storyboard */ = {
			isa = PBXVariantGroup;
			children = (
				DED15FD71FAC702900C277B8 /* Base */,
			);
			name = LaunchScreen.storyboard;
			sourceTree = "<group>";
		};
/* End PBXVariantGroup section */

/* Begin XCBuildConfiguration section */
		DED15FDC1FAC702900C277B8 /* Debug */ = {
			isa = XCBuildConfiguration;
			buildSettings = {
				ALWAYS_SEARCH_USER_PATHS = NO;
				CLANG_ANALYZER_NONNULL = YES;
				CLANG_ANALYZER_NUMBER_OBJECT_CONVERSION = YES_AGGRESSIVE;
				CLANG_CXX_LANGUAGE_STANDARD = "gnu++14";
				CLANG_CXX_LIBRARY = "libc++";
				CLANG_ENABLE_MODULES = YES;
				CLANG_ENABLE_OBJC_ARC = YES;
				CLANG_WARN_BLOCK_CAPTURE_AUTORELEASING = YES;
				CLANG_WARN_BOOL_CONVERSION = YES;
				CLANG_WARN_COMMA = YES;
				CLANG_WARN_CONSTANT_CONVERSION = YES;
				CLANG_WARN_DIRECT_OBJC_ISA_USAGE = YES_ERROR;
				CLANG_WARN_DOCUMENTATION_COMMENTS = YES;
				CLANG_WARN_EMPTY_BODY = YES;
				CLANG_WARN_ENUM_CONVERSION = YES;
				CLANG_WARN_INFINITE_RECURSION = YES;
				CLANG_WARN_INT_CONVERSION = YES;
				CLANG_WARN_NON_LITERAL_NULL_CONVERSION = YES;
				CLANG_WARN_OBJC_LITERAL_CONVERSION = YES;
				CLANG_WARN_OBJC_ROOT_CLASS = YES_ERROR;
				CLANG_WARN_RANGE_LOOP_ANALYSIS = YES;
				CLANG_WARN_STRICT_PROTOTYPES = YES;
				CLANG_WARN_SUSPICIOUS_MOVE = YES;
				CLANG_WARN_UNGUARDED_AVAILABILITY = YES_AGGRESSIVE;
				CLANG_WARN_UNREACHABLE_CODE = YES;
				CLANG_WARN__DUPLICATE_METHOD_MATCH = YES;
				CODE_SIGN_IDENTITY = "iPhone Developer";
				COPY_PHASE_STRIP = NO;
				DEBUG_INFORMATION_FORMAT = dwarf;
				ENABLE_STRICT_OBJC_MSGSEND = YES;
				ENABLE_TESTABILITY = YES;
				GCC_C_LANGUAGE_STANDARD = gnu11;
				GCC_DYNAMIC_NO_PIC = NO;
				GCC_NO_COMMON_BLOCKS = YES;
				GCC_OPTIMIZATION_LEVEL = 0;
				GCC_PREPROCESSOR_DEFINITIONS = (
					"DEBUG=1",
					"$(inherited)",
				);
				GCC_WARN_64_TO_32_BIT_CONVERSION = YES;
				GCC_WARN_ABOUT_RETURN_TYPE = YES_ERROR;
				GCC_WARN_UNDECLARED_SELECTOR = YES;
				GCC_WARN_UNINITIALIZED_AUTOS = YES_AGGRESSIVE;
				GCC_WARN_UNUSED_FUNCTION = YES;
				GCC_WARN_UNUSED_VARIABLE = YES;
				IPHONEOS_DEPLOYMENT_TARGET = 11.0;
				MTL_ENABLE_DEBUG_INFO = YES;
				ONLY_ACTIVE_ARCH = YES;
				SDKROOT = iphoneos;
			};
			name = Debug;
		};
		DED15FDD1FAC702900C277B8 /* Release */ = {
			isa = XCBuildConfiguration;
			buildSettings = {
				ALWAYS_SEARCH_USER_PATHS = NO;
				CLANG_ANALYZER_NONNULL = YES;
				CLANG_ANALYZER_NUMBER_OBJECT_CONVERSION = YES_AGGRESSIVE;
				CLANG_CXX_LANGUAGE_STANDARD = "gnu++14";
				CLANG_CXX_LIBRARY = "libc++";
				CLANG_ENABLE_MODULES = YES;
				CLANG_ENABLE_OBJC_ARC = YES;
				CLANG_WARN_BLOCK_CAPTURE_AUTORELEASING = YES;
				CLANG_WARN_BOOL_CONVERSION = YES;
				CLANG_WARN_COMMA = YES;
				CLANG_WARN_CONSTANT_CONVERSION = YES;
				CLANG_WARN_DIRECT_OBJC_ISA_USAGE = YES_ERROR;
				CLANG_WARN_DOCUMENTATION_COMMENTS = YES;
				CLANG_WARN_EMPTY_BODY = YES;
				CLANG_WARN_ENUM_CONVERSION = YES;
				CLANG_WARN_INFINITE_RECURSION = YES;
				CLANG_WARN_INT_CONVERSION = YES;
				CLANG_WARN_NON_LITERAL_NULL_CONVERSION = YES;
				CLANG_WARN_OBJC_LITERAL_CONVERSION = YES;
				CLANG_WARN_OBJC_ROOT_CLASS = YES_ERROR;
				CLANG_WARN_RANGE_LOOP_ANALYSIS = YES;
				CLANG_WARN_STRICT_PROTOTYPES = YES;
				CLANG_WARN_SUSPICIOUS_MOVE = YES;
				CLANG_WARN_UNGUARDED_AVAILABILITY = YES_AGGRESSIVE;
				CLANG_WARN_UNREACHABLE_CODE = YES;
				CLANG_WARN__DUPLICATE_METHOD_MATCH = YES;
				CODE_SIGN_IDENTITY = "iPhone Developer";
				COPY_PHASE_STRIP = NO;
				DEBUG_INFORMATION_FORMAT = "dwarf-with-dsym";
				ENABLE_NS_ASSERTIONS = NO;
				ENABLE_STRICT_OBJC_MSGSEND = YES;
				GCC_C_LANGUAGE_STANDARD = gnu11;
				GCC_NO_COMMON_BLOCKS = YES;
				GCC_WARN_64_TO_32_BIT_CONVERSION = YES;
				GCC_WARN_ABOUT_RETURN_TYPE = YES_ERROR;
				GCC_WARN_UNDECLARED_SELECTOR = YES;
				GCC_WARN_UNINITIALIZED_AUTOS = YES_AGGRESSIVE;
				GCC_WARN_UNUSED_FUNCTION = YES;
				GCC_WARN_UNUSED_VARIABLE = YES;
				IPHONEOS_DEPLOYMENT_TARGET = 11.0;
				MTL_ENABLE_DEBUG_INFO = NO;
				SDKROOT = iphoneos;
				VALIDATE_PRODUCT = YES;
			};
			name = Release;
		};
		DED15FDF1FAC702900C277B8 /* Debug */ = {
			isa = XCBuildConfiguration;
			baseConfigurationReference = 89F10372F0C553B0ADFEA79C /* Pods-QscPassport.debug.xcconfig */;
			buildSettings = {
				ASSETCATALOG_COMPILER_APPICON_NAME = AppIcon;
				CODE_SIGN_STYLE = Manual;
				DEVELOPMENT_TEAM = J7MGGPEJNJ;
				FRAMEWORK_SEARCH_PATHS = (
					"$(inherited)",
					"$(PROJECT_DIR)/Passport",
				);
				INFOPLIST_FILE = QscPassport/Info.plist;
				LD_RUNPATH_SEARCH_PATHS = "$(inherited) @executable_path/Frameworks";
				PRODUCT_BUNDLE_IDENTIFIER = qingsongchou.QscPassport;
				PRODUCT_NAME = "$(TARGET_NAME)";
				PROVISIONING_PROFILE = "458adba9-7b97-4db7-97f5-a5f8b7443a02";
				PROVISIONING_PROFILE_SPECIFIER = qsc_dev_QscPassport_1103;
				TARGETED_DEVICE_FAMILY = "1,2";
			};
			name = Debug;
		};
		DED15FE01FAC702900C277B8 /* Release */ = {
			isa = XCBuildConfiguration;
			baseConfigurationReference = F3479F60A56B8F527759D3A4 /* Pods-QscPassport.release.xcconfig */;
			buildSettings = {
				ASSETCATALOG_COMPILER_APPICON_NAME = AppIcon;
				"CODE_SIGN_IDENTITY[sdk=iphoneos*]" = "iPhone Distribution";
				CODE_SIGN_STYLE = Manual;
				DEVELOPMENT_TEAM = J7MGGPEJNJ;
				FRAMEWORK_SEARCH_PATHS = (
					"$(inherited)",
					"$(PROJECT_DIR)/Passport",
				);
				INFOPLIST_FILE = QscPassport/Info.plist;
				LD_RUNPATH_SEARCH_PATHS = "$(inherited) @executable_path/Frameworks";
				PRODUCT_BUNDLE_IDENTIFIER = qingsongchou.QscPassport;
				PRODUCT_NAME = "$(TARGET_NAME)";
				PROVISIONING_PROFILE = "856a5cef-3756-4c2a-8205-7839a49a65ed";
				PROVISIONING_PROFILE_SPECIFIER = qsc_dis_QscPassport_1103;
				TARGETED_DEVICE_FAMILY = "1,2";
			};
			name = Release;
		};
/* End XCBuildConfiguration section */

/* Begin XCConfigurationList section */
		DED15FC31FAC702900C277B8 /* Build configuration list for PBXProject "QscPassport" */ = {
			isa = XCConfigurationList;
			buildConfigurations = (
				DED15FDC1FAC702900C277B8 /* Debug */,
				DED15FDD1FAC702900C277B8 /* Release */,
			);
			defaultConfigurationIsVisible = 0;
			defaultConfigurationName = Release;
		};
		DED15FDE1FAC702900C277B8 /* Build configuration list for PBXNativeTarget "QscPassport" */ = {
			isa = XCConfigurationList;
			buildConfigurations = (
				DED15FDF1FAC702900C277B8 /* Debug */,
				DED15FE01FAC702900C277B8 /* Release */,
			);
			defaultConfigurationIsVisible = 0;
			defaultConfigurationName = Release;
		};
/* End XCConfigurationList section */
	};
	rootObject = DED15FC01FAC702900C277B8 /* Project object */;
}
